// !$*UTF8*$!
{
	archiveVersion = 1;
	classes = {
	};
	objectVersion = 56;
	objects = {

/* Begin PBXBuildFile section */
		1A330DEC2B1EA613009663C6 /* UserManager.swift in Sources */ = {isa = PBXBuildFile; fileRef = 1A330DEB2B1EA613009663C6 /* UserManager.swift */; };
		1A330DEE2B21534F009663C6 /* CreateDreamManager.swift in Sources */ = {isa = PBXBuildFile; fileRef = 1A330DED2B21534F009663C6 /* CreateDreamManager.swift */; };
		1A4055932B0AC4440025CBEF /* HomeView.swift in Sources */ = {isa = PBXBuildFile; fileRef = 1A4055922B0AC4430025CBEF /* HomeView.swift */; };
		1A4260F62B1BE0880011B7BF /* RegisterView.swift in Sources */ = {isa = PBXBuildFile; fileRef = 1A4260F52B1BE0880011B7BF /* RegisterView.swift */; };
		1A4260F82B1BE4CB0011B7BF /* UserDefaults.swift in Sources */ = {isa = PBXBuildFile; fileRef = 1A4260F72B1BE4CB0011B7BF /* UserDefaults.swift */; };
		1A4260FC2B1BEE600011B7BF /* AuthManager.swift in Sources */ = {isa = PBXBuildFile; fileRef = 1A4260FB2B1BEE600011B7BF /* AuthManager.swift */; };
		1A4395192B117D1800BA5C27 /* ProfileSettingsView.swift in Sources */ = {isa = PBXBuildFile; fileRef = 1A4395182B117D1800BA5C27 /* ProfileSettingsView.swift */; };
		1A4676392B1508310007F3E6 /* User.swift in Sources */ = {isa = PBXBuildFile; fileRef = 1A4676382B1508310007F3E6 /* User.swift */; };
		1A46763B2B1508B20007F3E6 /* Dream.swift in Sources */ = {isa = PBXBuildFile; fileRef = 1A46763A2B1508B20007F3E6 /* Dream.swift */; };
		1A46763F2B150DB50007F3E6 /* GoogleService-Info.plist in Resources */ = {isa = PBXBuildFile; fileRef = 1A46763E2B150DB50007F3E6 /* GoogleService-Info.plist */; };
		1A4676422B150E1C0007F3E6 /* FirebaseAnalytics in Frameworks */ = {isa = PBXBuildFile; productRef = 1A4676412B150E1C0007F3E6 /* FirebaseAnalytics */; };
		1A4676442B150E1C0007F3E6 /* FirebaseAnalyticsOnDeviceConversion in Frameworks */ = {isa = PBXBuildFile; productRef = 1A4676432B150E1C0007F3E6 /* FirebaseAnalyticsOnDeviceConversion */; };
		1A4676462B150E1C0007F3E6 /* FirebaseAnalyticsSwift in Frameworks */ = {isa = PBXBuildFile; productRef = 1A4676452B150E1C0007F3E6 /* FirebaseAnalyticsSwift */; };
		1A4676482B150E1C0007F3E6 /* FirebaseAnalyticsWithoutAdIdSupport in Frameworks */ = {isa = PBXBuildFile; productRef = 1A4676472B150E1C0007F3E6 /* FirebaseAnalyticsWithoutAdIdSupport */; };
		1A46764C2B150E1C0007F3E6 /* FirebaseAppDistribution-Beta in Frameworks */ = {isa = PBXBuildFile; productRef = 1A46764B2B150E1C0007F3E6 /* FirebaseAppDistribution-Beta */; };
		1A46764E2B150E1C0007F3E6 /* FirebaseAuth in Frameworks */ = {isa = PBXBuildFile; productRef = 1A46764D2B150E1C0007F3E6 /* FirebaseAuth */; };
		1A4676502B150E1C0007F3E6 /* FirebaseAuthCombine-Community in Frameworks */ = {isa = PBXBuildFile; productRef = 1A46764F2B150E1C0007F3E6 /* FirebaseAuthCombine-Community */; };
		1A4676522B150E1C0007F3E6 /* FirebaseCrashlytics in Frameworks */ = {isa = PBXBuildFile; productRef = 1A4676512B150E1C0007F3E6 /* FirebaseCrashlytics */; };
		1A4676542B150E1C0007F3E6 /* FirebaseFirestore in Frameworks */ = {isa = PBXBuildFile; productRef = 1A4676532B150E1C0007F3E6 /* FirebaseFirestore */; };
		1A4676562B150E1C0007F3E6 /* FirebaseFirestoreCombine-Community in Frameworks */ = {isa = PBXBuildFile; productRef = 1A4676552B150E1C0007F3E6 /* FirebaseFirestoreCombine-Community */; };
		1A4676582B150E1C0007F3E6 /* FirebaseFirestoreSwift in Frameworks */ = {isa = PBXBuildFile; productRef = 1A4676572B150E1C0007F3E6 /* FirebaseFirestoreSwift */; };
		1A46765E2B150E1C0007F3E6 /* FirebaseInstallations in Frameworks */ = {isa = PBXBuildFile; productRef = 1A46765D2B150E1C0007F3E6 /* FirebaseInstallations */; };
		1A4676602B150E1C0007F3E6 /* FirebaseMLModelDownloader in Frameworks */ = {isa = PBXBuildFile; productRef = 1A46765F2B150E1C0007F3E6 /* FirebaseMLModelDownloader */; };
		1A4676642B150E1C0007F3E6 /* FirebaseRemoteConfig in Frameworks */ = {isa = PBXBuildFile; productRef = 1A4676632B150E1C0007F3E6 /* FirebaseRemoteConfig */; };
		1A4676662B150E1C0007F3E6 /* FirebaseRemoteConfigSwift in Frameworks */ = {isa = PBXBuildFile; productRef = 1A4676652B150E1C0007F3E6 /* FirebaseRemoteConfigSwift */; };
		1A4676682B150E1C0007F3E6 /* FirebaseStorage in Frameworks */ = {isa = PBXBuildFile; productRef = 1A4676672B150E1C0007F3E6 /* FirebaseStorage */; };
		1A46766A2B150E1C0007F3E6 /* FirebaseStorageCombine-Community in Frameworks */ = {isa = PBXBuildFile; productRef = 1A4676692B150E1C0007F3E6 /* FirebaseStorageCombine-Community */; };
		1A5767822B4B4CB5002030ED /* CommunityProfileView.swift in Sources */ = {isa = PBXBuildFile; fileRef = 1A5767812B4B4CB5002030ED /* CommunityProfileView.swift */; };
		1A5767842B4B6DEA002030ED /* ProfileFollowerListView.swift in Sources */ = {isa = PBXBuildFile; fileRef = 1A5767832B4B6DEA002030ED /* ProfileFollowerListView.swift */; };
		1A5767862B4F3B6B002030ED /* PinDreamView.swift in Sources */ = {isa = PBXBuildFile; fileRef = 1A5767852B4F3B6B002030ED /* PinDreamView.swift */; };
		1A762C742B477F8E0047A436 /* CommunityManager.swift in Sources */ = {isa = PBXBuildFile; fileRef = 1A762C732B477F8E0047A436 /* CommunityManager.swift */; };
		1A762C762B478D340047A436 /* SingleCommunityDream.swift in Sources */ = {isa = PBXBuildFile; fileRef = 1A762C752B478D340047A436 /* SingleCommunityDream.swift */; };
		1A762C782B48BD840047A436 /* CommunityFollowingView.swift in Sources */ = {isa = PBXBuildFile; fileRef = 1A762C772B48BD840047A436 /* CommunityFollowingView.swift */; };
		1A762C7A2B48BD9B0047A436 /* CommunityForYouView.swift in Sources */ = {isa = PBXBuildFile; fileRef = 1A762C792B48BD9B0047A436 /* CommunityForYouView.swift */; };
		1A986FD62B227AED001D9CD0 /* RichTextKit in Frameworks */ = {isa = PBXBuildFile; productRef = 1A986FD52B227AED001D9CD0 /* RichTextKit */; };
		1A986FD82B227B07001D9CD0 /* CreateDreamRichText.swift in Sources */ = {isa = PBXBuildFile; fileRef = 1A986FD72B227B07001D9CD0 /* CreateDreamRichText.swift */; };
		1AB041192B27D2D70067E94E /* HomeManager.swift in Sources */ = {isa = PBXBuildFile; fileRef = 1AB041182B27D2D70067E94E /* HomeManager.swift */; };
		1ACA216B2AEDAFC000CCEF66 /* DreamrsApp.swift in Sources */ = {isa = PBXBuildFile; fileRef = 1ACA216A2AEDAFC000CCEF66 /* DreamrsApp.swift */; };
		1ACA216D2AEDAFC000CCEF66 /* ContentView.swift in Sources */ = {isa = PBXBuildFile; fileRef = 1ACA216C2AEDAFC000CCEF66 /* ContentView.swift */; };
		1ACA216F2AEDAFC100CCEF66 /* Assets.xcassets in Resources */ = {isa = PBXBuildFile; fileRef = 1ACA216E2AEDAFC100CCEF66 /* Assets.xcassets */; };
		1ACA21722AEDAFC100CCEF66 /* Preview Assets.xcassets in Resources */ = {isa = PBXBuildFile; fileRef = 1ACA21712AEDAFC100CCEF66 /* Preview Assets.xcassets */; };
		1ACA217A2AEDB18800CCEF66 /* SingleDream.swift in Sources */ = {isa = PBXBuildFile; fileRef = 1ACA21792AEDB18800CCEF66 /* SingleDream.swift */; };
		1ACA217E2AEDC63D00CCEF66 /* BottomNavBar.swift in Sources */ = {isa = PBXBuildFile; fileRef = 1ACA217D2AEDC63D00CCEF66 /* BottomNavBar.swift */; };
		1ACA21832AEDC6CD00CCEF66 /* CommunityMainView.swift in Sources */ = {isa = PBXBuildFile; fileRef = 1ACA21822AEDC6CC00CCEF66 /* CommunityMainView.swift */; };
		1ACA21872AEDC71A00CCEF66 /* ProfileMainView.swift in Sources */ = {isa = PBXBuildFile; fileRef = 1ACA21862AEDC71A00CCEF66 /* ProfileMainView.swift */; };
		1ACA21892AEDCFA300CCEF66 /* CreateDream.swift in Sources */ = {isa = PBXBuildFile; fileRef = 1ACA21882AEDCFA300CCEF66 /* CreateDream.swift */; };
/* End PBXBuildFile section */

/* Begin PBXFileReference section */
		1A330DEB2B1EA613009663C6 /* UserManager.swift */ = {isa = PBXFileReference; lastKnownFileType = sourcecode.swift; path = UserManager.swift; sourceTree = "<group>"; };
		1A330DED2B21534F009663C6 /* CreateDreamManager.swift */ = {isa = PBXFileReference; lastKnownFileType = sourcecode.swift; path = CreateDreamManager.swift; sourceTree = "<group>"; };
		1A4055922B0AC4430025CBEF /* HomeView.swift */ = {isa = PBXFileReference; lastKnownFileType = sourcecode.swift; path = HomeView.swift; sourceTree = "<group>"; };
		1A4260F52B1BE0880011B7BF /* RegisterView.swift */ = {isa = PBXFileReference; lastKnownFileType = sourcecode.swift; path = RegisterView.swift; sourceTree = "<group>"; };
		1A4260F72B1BE4CB0011B7BF /* UserDefaults.swift */ = {isa = PBXFileReference; lastKnownFileType = sourcecode.swift; path = UserDefaults.swift; sourceTree = "<group>"; };
		1A4260F92B1BEA020011B7BF /* Dreamrs.entitlements */ = {isa = PBXFileReference; lastKnownFileType = text.plist.entitlements; path = Dreamrs.entitlements; sourceTree = "<group>"; };
		1A4260FB2B1BEE600011B7BF /* AuthManager.swift */ = {isa = PBXFileReference; lastKnownFileType = sourcecode.swift; path = AuthManager.swift; sourceTree = "<group>"; };
		1A4395182B117D1800BA5C27 /* ProfileSettingsView.swift */ = {isa = PBXFileReference; lastKnownFileType = sourcecode.swift; path = ProfileSettingsView.swift; sourceTree = "<group>"; };
		1A4676382B1508310007F3E6 /* User.swift */ = {isa = PBXFileReference; lastKnownFileType = sourcecode.swift; path = User.swift; sourceTree = "<group>"; };
		1A46763A2B1508B20007F3E6 /* Dream.swift */ = {isa = PBXFileReference; lastKnownFileType = sourcecode.swift; path = Dream.swift; sourceTree = "<group>"; };
		1A46763E2B150DB50007F3E6 /* GoogleService-Info.plist */ = {isa = PBXFileReference; fileEncoding = 4; lastKnownFileType = text.plist.xml; name = "GoogleService-Info.plist"; path = "../../../../Desktop/GoogleService-Info.plist"; sourceTree = "<group>"; };
		1A5767812B4B4CB5002030ED /* CommunityProfileView.swift */ = {isa = PBXFileReference; lastKnownFileType = sourcecode.swift; path = CommunityProfileView.swift; sourceTree = "<group>"; };
		1A5767832B4B6DEA002030ED /* ProfileFollowerListView.swift */ = {isa = PBXFileReference; lastKnownFileType = sourcecode.swift; path = ProfileFollowerListView.swift; sourceTree = "<group>"; };
		1A5767852B4F3B6B002030ED /* PinDreamView.swift */ = {isa = PBXFileReference; lastKnownFileType = sourcecode.swift; path = PinDreamView.swift; sourceTree = "<group>"; };
		1A762C732B477F8E0047A436 /* CommunityManager.swift */ = {isa = PBXFileReference; lastKnownFileType = sourcecode.swift; path = CommunityManager.swift; sourceTree = "<group>"; };
		1A762C752B478D340047A436 /* SingleCommunityDream.swift */ = {isa = PBXFileReference; lastKnownFileType = sourcecode.swift; path = SingleCommunityDream.swift; sourceTree = "<group>"; };
		1A762C772B48BD840047A436 /* CommunityFollowingView.swift */ = {isa = PBXFileReference; lastKnownFileType = sourcecode.swift; path = CommunityFollowingView.swift; sourceTree = "<group>"; };
		1A762C792B48BD9B0047A436 /* CommunityForYouView.swift */ = {isa = PBXFileReference; lastKnownFileType = sourcecode.swift; path = CommunityForYouView.swift; sourceTree = "<group>"; };
		1A986FD72B227B07001D9CD0 /* CreateDreamRichText.swift */ = {isa = PBXFileReference; lastKnownFileType = sourcecode.swift; path = CreateDreamRichText.swift; sourceTree = "<group>"; };
		1AB041182B27D2D70067E94E /* HomeManager.swift */ = {isa = PBXFileReference; lastKnownFileType = sourcecode.swift; path = HomeManager.swift; sourceTree = "<group>"; };
		1ACA21672AEDAFC000CCEF66 /* Dreamrs.app */ = {isa = PBXFileReference; explicitFileType = wrapper.application; includeInIndex = 0; path = Dreamrs.app; sourceTree = BUILT_PRODUCTS_DIR; };
		1ACA216A2AEDAFC000CCEF66 /* DreamrsApp.swift */ = {isa = PBXFileReference; lastKnownFileType = sourcecode.swift; path = DreamrsApp.swift; sourceTree = "<group>"; };
		1ACA216C2AEDAFC000CCEF66 /* ContentView.swift */ = {isa = PBXFileReference; lastKnownFileType = sourcecode.swift; path = ContentView.swift; sourceTree = "<group>"; };
		1ACA216E2AEDAFC100CCEF66 /* Assets.xcassets */ = {isa = PBXFileReference; lastKnownFileType = folder.assetcatalog; path = Assets.xcassets; sourceTree = "<group>"; };
		1ACA21712AEDAFC100CCEF66 /* Preview Assets.xcassets */ = {isa = PBXFileReference; lastKnownFileType = folder.assetcatalog; path = "Preview Assets.xcassets"; sourceTree = "<group>"; };
		1ACA21792AEDB18800CCEF66 /* SingleDream.swift */ = {isa = PBXFileReference; lastKnownFileType = sourcecode.swift; path = SingleDream.swift; sourceTree = "<group>"; };
		1ACA217D2AEDC63D00CCEF66 /* BottomNavBar.swift */ = {isa = PBXFileReference; lastKnownFileType = sourcecode.swift; path = BottomNavBar.swift; sourceTree = "<group>"; };
		1ACA21822AEDC6CC00CCEF66 /* CommunityMainView.swift */ = {isa = PBXFileReference; lastKnownFileType = sourcecode.swift; path = CommunityMainView.swift; sourceTree = "<group>"; };
		1ACA21862AEDC71A00CCEF66 /* ProfileMainView.swift */ = {isa = PBXFileReference; lastKnownFileType = sourcecode.swift; path = ProfileMainView.swift; sourceTree = "<group>"; };
		1ACA21882AEDCFA300CCEF66 /* CreateDream.swift */ = {isa = PBXFileReference; lastKnownFileType = sourcecode.swift; path = CreateDream.swift; sourceTree = "<group>"; };
		1ACA218A2AEDDD3000CCEF66 /* Info.plist */ = {isa = PBXFileReference; lastKnownFileType = text.plist; path = Info.plist; sourceTree = "<group>"; };
/* End PBXFileReference section */

/* Begin PBXFrameworksBuildPhase section */
		1ACA21642AEDAFC000CCEF66 /* Frameworks */ = {
			isa = PBXFrameworksBuildPhase;
			buildActionMask = 2147483647;
			files = (
				1A46766A2B150E1C0007F3E6 /* FirebaseStorageCombine-Community in Frameworks */,
				1A4676462B150E1C0007F3E6 /* FirebaseAnalyticsSwift in Frameworks */,
				1A4676662B150E1C0007F3E6 /* FirebaseRemoteConfigSwift in Frameworks */,
				1A4676602B150E1C0007F3E6 /* FirebaseMLModelDownloader in Frameworks */,
				1A4676422B150E1C0007F3E6 /* FirebaseAnalytics in Frameworks */,
				1A4676442B150E1C0007F3E6 /* FirebaseAnalyticsOnDeviceConversion in Frameworks */,
				1A4676542B150E1C0007F3E6 /* FirebaseFirestore in Frameworks */,
				1A4676562B150E1C0007F3E6 /* FirebaseFirestoreCombine-Community in Frameworks */,
				1A4676642B150E1C0007F3E6 /* FirebaseRemoteConfig in Frameworks */,
				1A4676482B150E1C0007F3E6 /* FirebaseAnalyticsWithoutAdIdSupport in Frameworks */,
				1A4676682B150E1C0007F3E6 /* FirebaseStorage in Frameworks */,
				1A46765E2B150E1C0007F3E6 /* FirebaseInstallations in Frameworks */,
				1A46764E2B150E1C0007F3E6 /* FirebaseAuth in Frameworks */,
				1A4676522B150E1C0007F3E6 /* FirebaseCrashlytics in Frameworks */,
				1A986FD62B227AED001D9CD0 /* RichTextKit in Frameworks */,
				1A46764C2B150E1C0007F3E6 /* FirebaseAppDistribution-Beta in Frameworks */,
				1A4676502B150E1C0007F3E6 /* FirebaseAuthCombine-Community in Frameworks */,
				1A4676582B150E1C0007F3E6 /* FirebaseFirestoreSwift in Frameworks */,
			);
			runOnlyForDeploymentPostprocessing = 0;
		};
/* End PBXFrameworksBuildPhase section */

/* Begin PBXGroup section */
		1A4260F42B1BE0730011B7BF /* AuthViews */ = {
			isa = PBXGroup;
			children = (
				1A4260F52B1BE0880011B7BF /* RegisterView.swift */,
			);
			path = AuthViews;
			sourceTree = "<group>";
		};
		1A4260FA2B1BEE550011B7BF /* Controllers */ = {
			isa = PBXGroup;
			children = (
				1A4260FB2B1BEE600011B7BF /* AuthManager.swift */,
				1A330DEB2B1EA613009663C6 /* UserManager.swift */,
				1A330DED2B21534F009663C6 /* CreateDreamManager.swift */,
				1AB041182B27D2D70067E94E /* HomeManager.swift */,
				1A762C732B477F8E0047A436 /* CommunityManager.swift */,
			);
			path = Controllers;
			sourceTree = "<group>";
		};
		1A4676372B1508220007F3E6 /* Models */ = {
			isa = PBXGroup;
			children = (
				1A4676382B1508310007F3E6 /* User.swift */,
				1A46763A2B1508B20007F3E6 /* Dream.swift */,
			);
			path = Models;
			sourceTree = "<group>";
		};
		1ACA215E2AEDAFC000CCEF66 = {
			isa = PBXGroup;
			children = (
				1ACA21692AEDAFC000CCEF66 /* Dreamrs */,
				1ACA21682AEDAFC000CCEF66 /* Products */,
			);
			sourceTree = "<group>";
		};
		1ACA21682AEDAFC000CCEF66 /* Products */ = {
			isa = PBXGroup;
			children = (
				1ACA21672AEDAFC000CCEF66 /* Dreamrs.app */,
			);
			name = Products;
			sourceTree = "<group>";
		};
		1ACA21692AEDAFC000CCEF66 /* Dreamrs */ = {
			isa = PBXGroup;
			children = (
				1A4260FA2B1BEE550011B7BF /* Controllers */,
				1A4260F92B1BEA020011B7BF /* Dreamrs.entitlements */,
				1A46763E2B150DB50007F3E6 /* GoogleService-Info.plist */,
				1A4676372B1508220007F3E6 /* Models */,
				1ACA218A2AEDDD3000CCEF66 /* Info.plist */,
				1ACA21782AEDB17A00CCEF66 /* Views */,
				1ACA216A2AEDAFC000CCEF66 /* DreamrsApp.swift */,
				1ACA216C2AEDAFC000CCEF66 /* ContentView.swift */,
				1ACA216E2AEDAFC100CCEF66 /* Assets.xcassets */,
				1ACA21702AEDAFC100CCEF66 /* Preview Content */,
				1A4260F72B1BE4CB0011B7BF /* UserDefaults.swift */,
			);
			path = Dreamrs;
			sourceTree = "<group>";
		};
		1ACA21702AEDAFC100CCEF66 /* Preview Content */ = {
			isa = PBXGroup;
			children = (
				1ACA21712AEDAFC100CCEF66 /* Preview Assets.xcassets */,
			);
			path = "Preview Content";
			sourceTree = "<group>";
		};
		1ACA21782AEDB17A00CCEF66 /* Views */ = {
			isa = PBXGroup;
			children = (
				1A4260F42B1BE0730011B7BF /* AuthViews */,
				1ACA21852AEDC70700CCEF66 /* CommunityViews */,
				1ACA21842AEDC6F000CCEF66 /* ProfileViews */,
				1ACA217C2AEDC63100CCEF66 /* NavigationViews */,
				1ACA217B2AEDC62500CCEF66 /* HomeViews */,
			);
			path = Views;
			sourceTree = "<group>";
		};
		1ACA217B2AEDC62500CCEF66 /* HomeViews */ = {
			isa = PBXGroup;
			children = (
				1ACA21792AEDB18800CCEF66 /* SingleDream.swift */,
				1ACA21882AEDCFA300CCEF66 /* CreateDream.swift */,
				1A4055922B0AC4430025CBEF /* HomeView.swift */,
				1A986FD72B227B07001D9CD0 /* CreateDreamRichText.swift */,
				1A5767852B4F3B6B002030ED /* PinDreamView.swift */,
			);
			path = HomeViews;
			sourceTree = "<group>";
		};
		1ACA217C2AEDC63100CCEF66 /* NavigationViews */ = {
			isa = PBXGroup;
			children = (
				1ACA217D2AEDC63D00CCEF66 /* BottomNavBar.swift */,
			);
			path = NavigationViews;
			sourceTree = "<group>";
		};
		1ACA21842AEDC6F000CCEF66 /* ProfileViews */ = {
			isa = PBXGroup;
			children = (
				1ACA21862AEDC71A00CCEF66 /* ProfileMainView.swift */,
				1A4395182B117D1800BA5C27 /* ProfileSettingsView.swift */,
				1A5767832B4B6DEA002030ED /* ProfileFollowerListView.swift */,
			);
			path = ProfileViews;
			sourceTree = "<group>";
		};
		1ACA21852AEDC70700CCEF66 /* CommunityViews */ = {
			isa = PBXGroup;
			children = (
				1ACA21822AEDC6CC00CCEF66 /* CommunityMainView.swift */,
				1A762C752B478D340047A436 /* SingleCommunityDream.swift */,
				1A762C772B48BD840047A436 /* CommunityFollowingView.swift */,
				1A762C792B48BD9B0047A436 /* CommunityForYouView.swift */,
				1A5767812B4B4CB5002030ED /* CommunityProfileView.swift */,
			);
			path = CommunityViews;
			sourceTree = "<group>";
		};
/* End PBXGroup section */

/* Begin PBXNativeTarget section */
		1ACA21662AEDAFC000CCEF66 /* Dreamrs */ = {
			isa = PBXNativeTarget;
			buildConfigurationList = 1ACA21752AEDAFC100CCEF66 /* Build configuration list for PBXNativeTarget "Dreamrs" */;
			buildPhases = (
				1ACA21632AEDAFC000CCEF66 /* Sources */,
				1ACA21642AEDAFC000CCEF66 /* Frameworks */,
				1ACA21652AEDAFC000CCEF66 /* Resources */,
			);
			buildRules = (
			);
			dependencies = (
			);
			name = Dreamrs;
			packageProductDependencies = (
				1A4676412B150E1C0007F3E6 /* FirebaseAnalytics */,
				1A4676432B150E1C0007F3E6 /* FirebaseAnalyticsOnDeviceConversion */,
				1A4676452B150E1C0007F3E6 /* FirebaseAnalyticsSwift */,
				1A4676472B150E1C0007F3E6 /* FirebaseAnalyticsWithoutAdIdSupport */,
				1A46764B2B150E1C0007F3E6 /* FirebaseAppDistribution-Beta */,
				1A46764D2B150E1C0007F3E6 /* FirebaseAuth */,
				1A46764F2B150E1C0007F3E6 /* FirebaseAuthCombine-Community */,
				1A4676512B150E1C0007F3E6 /* FirebaseCrashlytics */,
				1A4676532B150E1C0007F3E6 /* FirebaseFirestore */,
				1A4676552B150E1C0007F3E6 /* FirebaseFirestoreCombine-Community */,
				1A4676572B150E1C0007F3E6 /* FirebaseFirestoreSwift */,
				1A46765D2B150E1C0007F3E6 /* FirebaseInstallations */,
				1A46765F2B150E1C0007F3E6 /* FirebaseMLModelDownloader */,
				1A4676632B150E1C0007F3E6 /* FirebaseRemoteConfig */,
				1A4676652B150E1C0007F3E6 /* FirebaseRemoteConfigSwift */,
				1A4676672B150E1C0007F3E6 /* FirebaseStorage */,
				1A4676692B150E1C0007F3E6 /* FirebaseStorageCombine-Community */,
				1A986FD52B227AED001D9CD0 /* RichTextKit */,
			);
			productName = Dreamrs;
			productReference = 1ACA21672AEDAFC000CCEF66 /* Dreamrs.app */;
			productType = "com.apple.product-type.application";
		};
/* End PBXNativeTarget section */

/* Begin PBXProject section */
		1ACA215F2AEDAFC000CCEF66 /* Project object */ = {
			isa = PBXProject;
			attributes = {
				BuildIndependentTargetsInParallel = 1;
				LastSwiftUpdateCheck = 1430;
				LastUpgradeCheck = 1500;
				TargetAttributes = {
					1ACA21662AEDAFC000CCEF66 = {
						CreatedOnToolsVersion = 14.3;
					};
				};
			};
			buildConfigurationList = 1ACA21622AEDAFC000CCEF66 /* Build configuration list for PBXProject "Dreamrs" */;
			compatibilityVersion = "Xcode 14.0";
			developmentRegion = en;
			hasScannedForEncodings = 0;
			knownRegions = (
				en,
				Base,
			);
			mainGroup = 1ACA215E2AEDAFC000CCEF66;
			packageReferences = (
				1A4676402B150E1C0007F3E6 /* XCRemoteSwiftPackageReference "firebase-ios-sdk" */,
				1A986FD42B227AED001D9CD0 /* XCRemoteSwiftPackageReference "RichTextKit" */,
			);
			productRefGroup = 1ACA21682AEDAFC000CCEF66 /* Products */;
			projectDirPath = "";
			projectRoot = "";
			targets = (
				1ACA21662AEDAFC000CCEF66 /* Dreamrs */,
			);
		};
/* End PBXProject section */

/* Begin PBXResourcesBuildPhase section */
		1ACA21652AEDAFC000CCEF66 /* Resources */ = {
			isa = PBXResourcesBuildPhase;
			buildActionMask = 2147483647;
			files = (
				1ACA21722AEDAFC100CCEF66 /* Preview Assets.xcassets in Resources */,
				1ACA216F2AEDAFC100CCEF66 /* Assets.xcassets in Resources */,
				1A46763F2B150DB50007F3E6 /* GoogleService-Info.plist in Resources */,
			);
			runOnlyForDeploymentPostprocessing = 0;
		};
/* End PBXResourcesBuildPhase section */

/* Begin PBXSourcesBuildPhase section */
		1ACA21632AEDAFC000CCEF66 /* Sources */ = {
			isa = PBXSourcesBuildPhase;
			buildActionMask = 2147483647;
			files = (
				1A4055932B0AC4440025CBEF /* HomeView.swift in Sources */,
				1ACA217E2AEDC63D00CCEF66 /* BottomNavBar.swift in Sources */,
				1A4260F62B1BE0880011B7BF /* RegisterView.swift in Sources */,
				1ACA21892AEDCFA300CCEF66 /* CreateDream.swift in Sources */,
				1A4260FC2B1BEE600011B7BF /* AuthManager.swift in Sources */,
				1A4395192B117D1800BA5C27 /* ProfileSettingsView.swift in Sources */,
				1A330DEC2B1EA613009663C6 /* UserManager.swift in Sources */,
				1ACA216D2AEDAFC000CCEF66 /* ContentView.swift in Sources */,
				1A762C7A2B48BD9B0047A436 /* CommunityForYouView.swift in Sources */,
				1ACA216B2AEDAFC000CCEF66 /* DreamrsApp.swift in Sources */,
				1ACA21832AEDC6CD00CCEF66 /* CommunityMainView.swift in Sources */,
				1A330DEE2B21534F009663C6 /* CreateDreamManager.swift in Sources */,
				1ACA21872AEDC71A00CCEF66 /* ProfileMainView.swift in Sources */,
				1A5767822B4B4CB5002030ED /* CommunityProfileView.swift in Sources */,
				1A986FD82B227B07001D9CD0 /* CreateDreamRichText.swift in Sources */,
				1ACA217A2AEDB18800CCEF66 /* SingleDream.swift in Sources */,
				1AB041192B27D2D70067E94E /* HomeManager.swift in Sources */,
				1A762C782B48BD840047A436 /* CommunityFollowingView.swift in Sources */,
				1A5767862B4F3B6B002030ED /* PinDreamView.swift in Sources */,
				1A5767842B4B6DEA002030ED /* ProfileFollowerListView.swift in Sources */,
				1A762C762B478D340047A436 /* SingleCommunityDream.swift in Sources */,
				1A4676392B1508310007F3E6 /* User.swift in Sources */,
				1A762C742B477F8E0047A436 /* CommunityManager.swift in Sources */,
				1A4260F82B1BE4CB0011B7BF /* UserDefaults.swift in Sources */,
				1A46763B2B1508B20007F3E6 /* Dream.swift in Sources */,
			);
			runOnlyForDeploymentPostprocessing = 0;
		};
/* End PBXSourcesBuildPhase section */

/* Begin XCBuildConfiguration section */
		1ACA21732AEDAFC100CCEF66 /* Debug */ = {
			isa = XCBuildConfiguration;
			buildSettings = {
				ALWAYS_SEARCH_USER_PATHS = NO;
				CLANG_ANALYZER_NONNULL = YES;
				CLANG_ANALYZER_NUMBER_OBJECT_CONVERSION = YES_AGGRESSIVE;
				CLANG_CXX_LANGUAGE_STANDARD = "gnu++20";
				CLANG_ENABLE_MODULES = YES;
				CLANG_ENABLE_OBJC_ARC = YES;
				CLANG_ENABLE_OBJC_WEAK = YES;
				CLANG_WARN_BLOCK_CAPTURE_AUTORELEASING = YES;
				CLANG_WARN_BOOL_CONVERSION = YES;
				CLANG_WARN_COMMA = YES;
				CLANG_WARN_CONSTANT_CONVERSION = YES;
				CLANG_WARN_DEPRECATED_OBJC_IMPLEMENTATIONS = YES;
				CLANG_WARN_DIRECT_OBJC_ISA_USAGE = YES_ERROR;
				CLANG_WARN_DOCUMENTATION_COMMENTS = YES;
				CLANG_WARN_EMPTY_BODY = YES;
				CLANG_WARN_ENUM_CONVERSION = YES;
				CLANG_WARN_INFINITE_RECURSION = YES;
				CLANG_WARN_INT_CONVERSION = YES;
				CLANG_WARN_NON_LITERAL_NULL_CONVERSION = YES;
				CLANG_WARN_OBJC_IMPLICIT_RETAIN_SELF = YES;
				CLANG_WARN_OBJC_LITERAL_CONVERSION = YES;
				CLANG_WARN_OBJC_ROOT_CLASS = YES_ERROR;
				CLANG_WARN_QUOTED_INCLUDE_IN_FRAMEWORK_HEADER = YES;
				CLANG_WARN_RANGE_LOOP_ANALYSIS = YES;
				CLANG_WARN_STRICT_PROTOTYPES = YES;
				CLANG_WARN_SUSPICIOUS_MOVE = YES;
				CLANG_WARN_UNGUARDED_AVAILABILITY = YES_AGGRESSIVE;
				CLANG_WARN_UNREACHABLE_CODE = YES;
				CLANG_WARN__DUPLICATE_METHOD_MATCH = YES;
				COPY_PHASE_STRIP = NO;
				DEBUG_INFORMATION_FORMAT = dwarf;
				ENABLE_STRICT_OBJC_MSGSEND = YES;
				ENABLE_TESTABILITY = YES;
				ENABLE_USER_SCRIPT_SANDBOXING = YES;
				GCC_C_LANGUAGE_STANDARD = gnu11;
				GCC_DYNAMIC_NO_PIC = NO;
				GCC_NO_COMMON_BLOCKS = YES;
				GCC_OPTIMIZATION_LEVEL = 0;
				GCC_PREPROCESSOR_DEFINITIONS = (
					"DEBUG=1",
					"$(inherited)",
				);
				GCC_WARN_64_TO_32_BIT_CONVERSION = YES;
				GCC_WARN_ABOUT_RETURN_TYPE = YES_ERROR;
				GCC_WARN_UNDECLARED_SELECTOR = YES;
				GCC_WARN_UNINITIALIZED_AUTOS = YES_AGGRESSIVE;
				GCC_WARN_UNUSED_FUNCTION = YES;
				GCC_WARN_UNUSED_VARIABLE = YES;
				IPHONEOS_DEPLOYMENT_TARGET = 16.4;
				MTL_ENABLE_DEBUG_INFO = INCLUDE_SOURCE;
				MTL_FAST_MATH = YES;
				ONLY_ACTIVE_ARCH = YES;
				SDKROOT = iphoneos;
				SWIFT_ACTIVE_COMPILATION_CONDITIONS = DEBUG;
				SWIFT_OPTIMIZATION_LEVEL = "-Onone";
			};
			name = Debug;
		};
		1ACA21742AEDAFC100CCEF66 /* Release */ = {
			isa = XCBuildConfiguration;
			buildSettings = {
				ALWAYS_SEARCH_USER_PATHS = NO;
				CLANG_ANALYZER_NONNULL = YES;
				CLANG_ANALYZER_NUMBER_OBJECT_CONVERSION = YES_AGGRESSIVE;
				CLANG_CXX_LANGUAGE_STANDARD = "gnu++20";
				CLANG_ENABLE_MODULES = YES;
				CLANG_ENABLE_OBJC_ARC = YES;
				CLANG_ENABLE_OBJC_WEAK = YES;
				CLANG_WARN_BLOCK_CAPTURE_AUTORELEASING = YES;
				CLANG_WARN_BOOL_CONVERSION = YES;
				CLANG_WARN_COMMA = YES;
				CLANG_WARN_CONSTANT_CONVERSION = YES;
				CLANG_WARN_DEPRECATED_OBJC_IMPLEMENTATIONS = YES;
				CLANG_WARN_DIRECT_OBJC_ISA_USAGE = YES_ERROR;
				CLANG_WARN_DOCUMENTATION_COMMENTS = YES;
				CLANG_WARN_EMPTY_BODY = YES;
				CLANG_WARN_ENUM_CONVERSION = YES;
				CLANG_WARN_INFINITE_RECURSION = YES;
				CLANG_WARN_INT_CONVERSION = YES;
				CLANG_WARN_NON_LITERAL_NULL_CONVERSION = YES;
				CLANG_WARN_OBJC_IMPLICIT_RETAIN_SELF = YES;
				CLANG_WARN_OBJC_LITERAL_CONVERSION = YES;
				CLANG_WARN_OBJC_ROOT_CLASS = YES_ERROR;
				CLANG_WARN_QUOTED_INCLUDE_IN_FRAMEWORK_HEADER = YES;
				CLANG_WARN_RANGE_LOOP_ANALYSIS = YES;
				CLANG_WARN_STRICT_PROTOTYPES = YES;
				CLANG_WARN_SUSPICIOUS_MOVE = YES;
				CLANG_WARN_UNGUARDED_AVAILABILITY = YES_AGGRESSIVE;
				CLANG_WARN_UNREACHABLE_CODE = YES;
				CLANG_WARN__DUPLICATE_METHOD_MATCH = YES;
				COPY_PHASE_STRIP = NO;
				DEBUG_INFORMATION_FORMAT = "dwarf-with-dsym";
				ENABLE_NS_ASSERTIONS = NO;
				ENABLE_STRICT_OBJC_MSGSEND = YES;
				ENABLE_USER_SCRIPT_SANDBOXING = YES;
				GCC_C_LANGUAGE_STANDARD = gnu11;
				GCC_NO_COMMON_BLOCKS = YES;
				GCC_WARN_64_TO_32_BIT_CONVERSION = YES;
				GCC_WARN_ABOUT_RETURN_TYPE = YES_ERROR;
				GCC_WARN_UNDECLARED_SELECTOR = YES;
				GCC_WARN_UNINITIALIZED_AUTOS = YES_AGGRESSIVE;
				GCC_WARN_UNUSED_FUNCTION = YES;
				GCC_WARN_UNUSED_VARIABLE = YES;
				IPHONEOS_DEPLOYMENT_TARGET = 16.4;
				MTL_ENABLE_DEBUG_INFO = NO;
				MTL_FAST_MATH = YES;
				SDKROOT = iphoneos;
				SWIFT_COMPILATION_MODE = wholemodule;
				SWIFT_OPTIMIZATION_LEVEL = "-O";
				VALIDATE_PRODUCT = YES;
			};
			name = Release;
		};
		1ACA21762AEDAFC100CCEF66 /* Debug */ = {
			isa = XCBuildConfiguration;
			buildSettings = {
				ASSETCATALOG_COMPILER_APPICON_NAME = AppIcon;
				ASSETCATALOG_COMPILER_GLOBAL_ACCENT_COLOR_NAME = AccentColor;
				CODE_SIGN_ENTITLEMENTS = Dreamrs/Dreamrs.entitlements;
				CODE_SIGN_STYLE = Automatic;
				CURRENT_PROJECT_VERSION = 1;
				DEVELOPMENT_ASSET_PATHS = "\"Dreamrs/Preview Content\"";
				DEVELOPMENT_TEAM = 283L88579N;
				ENABLE_PREVIEWS = YES;
				GENERATE_INFOPLIST_FILE = YES;
				INFOPLIST_FILE = Dreamrs/Info.plist;
				INFOPLIST_KEY_CFBundleDisplayName = Dreamboard;
				INFOPLIST_KEY_LSApplicationCategoryType = "public.app-category.lifestyle";
				INFOPLIST_KEY_UIApplicationSceneManifest_Generation = YES;
				INFOPLIST_KEY_UIApplicationSupportsIndirectInputEvents = YES;
				INFOPLIST_KEY_UILaunchScreen_Generation = YES;
				INFOPLIST_KEY_UISupportedInterfaceOrientations_iPad = "UIInterfaceOrientationPortrait UIInterfaceOrientationPortraitUpsideDown UIInterfaceOrientationLandscapeLeft UIInterfaceOrientationLandscapeRight";
				INFOPLIST_KEY_UISupportedInterfaceOrientations_iPhone = "UIInterfaceOrientationPortrait UIInterfaceOrientationLandscapeLeft UIInterfaceOrientationLandscapeRight";
				INFOPLIST_KEY_UIUserInterfaceStyle = Light;
				IPHONEOS_DEPLOYMENT_TARGET = 17.0;
				LD_RUNPATH_SEARCH_PATHS = (
					"$(inherited)",
					"@executable_path/Frameworks",
				);
				MARKETING_VERSION = 1.0;
				PRODUCT_BUNDLE_IDENTIFIER = com.bendreyer.Dreamrs;
				PRODUCT_NAME = "$(TARGET_NAME)";
				SWIFT_EMIT_LOC_STRINGS = YES;
				SWIFT_VERSION = 5.0;
				TARGETED_DEVICE_FAMILY = "1,2";
			};
			name = Debug;
		};
		1ACA21772AEDAFC100CCEF66 /* Release */ = {
			isa = XCBuildConfiguration;
			buildSettings = {
				ASSETCATALOG_COMPILER_APPICON_NAME = AppIcon;
				ASSETCATALOG_COMPILER_GLOBAL_ACCENT_COLOR_NAME = AccentColor;
				CODE_SIGN_ENTITLEMENTS = Dreamrs/Dreamrs.entitlements;
				CODE_SIGN_STYLE = Automatic;
				CURRENT_PROJECT_VERSION = 1;
				DEVELOPMENT_ASSET_PATHS = "\"Dreamrs/Preview Content\"";
				DEVELOPMENT_TEAM = 283L88579N;
				ENABLE_PREVIEWS = YES;
				GENERATE_INFOPLIST_FILE = YES;
				INFOPLIST_FILE = Dreamrs/Info.plist;
				INFOPLIST_KEY_CFBundleDisplayName = Dreamboard;
				INFOPLIST_KEY_LSApplicationCategoryType = "public.app-category.lifestyle";
				INFOPLIST_KEY_UIApplicationSceneManifest_Generation = YES;
				INFOPLIST_KEY_UIApplicationSupportsIndirectInputEvents = YES;
				INFOPLIST_KEY_UILaunchScreen_Generation = YES;
				INFOPLIST_KEY_UISupportedInterfaceOrientations_iPad = "UIInterfaceOrientationPortrait UIInterfaceOrientationPortraitUpsideDown UIInterfaceOrientationLandscapeLeft UIInterfaceOrientationLandscapeRight";
				INFOPLIST_KEY_UISupportedInterfaceOrientations_iPhone = "UIInterfaceOrientationPortrait UIInterfaceOrientationLandscapeLeft UIInterfaceOrientationLandscapeRight";
				INFOPLIST_KEY_UIUserInterfaceStyle = Light;
				IPHONEOS_DEPLOYMENT_TARGET = 17.0;
				LD_RUNPATH_SEARCH_PATHS = (
					"$(inherited)",
					"@executable_path/Frameworks",
				);
				MARKETING_VERSION = 1.0;
				PRODUCT_BUNDLE_IDENTIFIER = com.bendreyer.Dreamrs;
				PRODUCT_NAME = "$(TARGET_NAME)";
				SWIFT_EMIT_LOC_STRINGS = YES;
				SWIFT_VERSION = 5.0;
				TARGETED_DEVICE_FAMILY = "1,2";
			};
			name = Release;
		};
/* End XCBuildConfiguration section */

/* Begin XCConfigurationList section */
		1ACA21622AEDAFC000CCEF66 /* Build configuration list for PBXProject "Dreamrs" */ = {
			isa = XCConfigurationList;
			buildConfigurations = (
				1ACA21732AEDAFC100CCEF66 /* Debug */,
				1ACA21742AEDAFC100CCEF66 /* Release */,
			);
			defaultConfigurationIsVisible = 0;
			defaultConfigurationName = Release;
		};
		1ACA21752AEDAFC100CCEF66 /* Build configuration list for PBXNativeTarget "Dreamrs" */ = {
			isa = XCConfigurationList;
			buildConfigurations = (
				1ACA21762AEDAFC100CCEF66 /* Debug */,
				1ACA21772AEDAFC100CCEF66 /* Release */,
			);
			defaultConfigurationIsVisible = 0;
			defaultConfigurationName = Release;
		};
/* End XCConfigurationList section */

/* Begin XCRemoteSwiftPackageReference section */
		1A4676402B150E1C0007F3E6 /* XCRemoteSwiftPackageReference "firebase-ios-sdk" */ = {
			isa = XCRemoteSwiftPackageReference;
			repositoryURL = "https://github.com/firebase/firebase-ios-sdk";
			requirement = {
				kind = upToNextMajorVersion;
				minimumVersion = 10.18.0;
			};
		};
		1A986FD42B227AED001D9CD0 /* XCRemoteSwiftPackageReference "RichTextKit" */ = {
			isa = XCRemoteSwiftPackageReference;
			repositoryURL = "https://github.com/danielsaidi/RichTextKit.git";
			requirement = {
				kind = upToNextMajorVersion;
				minimumVersion = 0.9.4;
			};
		};
/* End XCRemoteSwiftPackageReference section */

/* Begin XCSwiftPackageProductDependency section */
		1A4676412B150E1C0007F3E6 /* FirebaseAnalytics */ = {
			isa = XCSwiftPackageProductDependency;
			package = 1A4676402B150E1C0007F3E6 /* XCRemoteSwiftPackageReference "firebase-ios-sdk" */;
			productName = FirebaseAnalytics;
		};
		1A4676432B150E1C0007F3E6 /* FirebaseAnalyticsOnDeviceConversion */ = {
			isa = XCSwiftPackageProductDependency;
			package = 1A4676402B150E1C0007F3E6 /* XCRemoteSwiftPackageReference "firebase-ios-sdk" */;
			productName = FirebaseAnalyticsOnDeviceConversion;
		};
		1A4676452B150E1C0007F3E6 /* FirebaseAnalyticsSwift */ = {
			isa = XCSwiftPackageProductDependency;
			package = 1A4676402B150E1C0007F3E6 /* XCRemoteSwiftPackageReference "firebase-ios-sdk" */;
			productName = FirebaseAnalyticsSwift;
		};
		1A4676472B150E1C0007F3E6 /* FirebaseAnalyticsWithoutAdIdSupport */ = {
			isa = XCSwiftPackageProductDependency;
			package = 1A4676402B150E1C0007F3E6 /* XCRemoteSwiftPackageReference "firebase-ios-sdk" */;
			productName = FirebaseAnalyticsWithoutAdIdSupport;
		};
		1A46764B2B150E1C0007F3E6 /* FirebaseAppDistribution-Beta */ = {
			isa = XCSwiftPackageProductDependency;
			package = 1A4676402B150E1C0007F3E6 /* XCRemoteSwiftPackageReference "firebase-ios-sdk" */;
			productName = "FirebaseAppDistribution-Beta";
		};
		1A46764D2B150E1C0007F3E6 /* FirebaseAuth */ = {
			isa = XCSwiftPackageProductDependency;
			package = 1A4676402B150E1C0007F3E6 /* XCRemoteSwiftPackageReference "firebase-ios-sdk" */;
			productName = FirebaseAuth;
		};
		1A46764F2B150E1C0007F3E6 /* FirebaseAuthCombine-Community */ = {
			isa = XCSwiftPackageProductDependency;
			package = 1A4676402B150E1C0007F3E6 /* XCRemoteSwiftPackageReference "firebase-ios-sdk" */;
			productName = "FirebaseAuthCombine-Community";
		};
		1A4676512B150E1C0007F3E6 /* FirebaseCrashlytics */ = {
			isa = XCSwiftPackageProductDependency;
			package = 1A4676402B150E1C0007F3E6 /* XCRemoteSwiftPackageReference "firebase-ios-sdk" */;
			productName = FirebaseCrashlytics;
		};
		1A4676532B150E1C0007F3E6 /* FirebaseFirestore */ = {
			isa = XCSwiftPackageProductDependency;
			package = 1A4676402B150E1C0007F3E6 /* XCRemoteSwiftPackageReference "firebase-ios-sdk" */;
			productName = FirebaseFirestore;
		};
		1A4676552B150E1C0007F3E6 /* FirebaseFirestoreCombine-Community */ = {
			isa = XCSwiftPackageProductDependency;
			package = 1A4676402B150E1C0007F3E6 /* XCRemoteSwiftPackageReference "firebase-ios-sdk" */;
			productName = "FirebaseFirestoreCombine-Community";
		};
		1A4676572B150E1C0007F3E6 /* FirebaseFirestoreSwift */ = {
			isa = XCSwiftPackageProductDependency;
			package = 1A4676402B150E1C0007F3E6 /* XCRemoteSwiftPackageReference "firebase-ios-sdk" */;
			productName = FirebaseFirestoreSwift;
		};
		1A46765D2B150E1C0007F3E6 /* FirebaseInstallations */ = {
			isa = XCSwiftPackageProductDependency;
			package = 1A4676402B150E1C0007F3E6 /* XCRemoteSwiftPackageReference "firebase-ios-sdk" */;
			productName = FirebaseInstallations;
		};
		1A46765F2B150E1C0007F3E6 /* FirebaseMLModelDownloader */ = {
			isa = XCSwiftPackageProductDependency;
			package = 1A4676402B150E1C0007F3E6 /* XCRemoteSwiftPackageReference "firebase-ios-sdk" */;
			productName = FirebaseMLModelDownloader;
		};
		1A4676632B150E1C0007F3E6 /* FirebaseRemoteConfig */ = {
			isa = XCSwiftPackageProductDependency;
			package = 1A4676402B150E1C0007F3E6 /* XCRemoteSwiftPackageReference "firebase-ios-sdk" */;
			productName = FirebaseRemoteConfig;
		};
		1A4676652B150E1C0007F3E6 /* FirebaseRemoteConfigSwift */ = {
			isa = XCSwiftPackageProductDependency;
			package = 1A4676402B150E1C0007F3E6 /* XCRemoteSwiftPackageReference "firebase-ios-sdk" */;
			productName = FirebaseRemoteConfigSwift;
		};
		1A4676672B150E1C0007F3E6 /* FirebaseStorage */ = {
			isa = XCSwiftPackageProductDependency;
			package = 1A4676402B150E1C0007F3E6 /* XCRemoteSwiftPackageReference "firebase-ios-sdk" */;
			productName = FirebaseStorage;
		};
		1A4676692B150E1C0007F3E6 /* FirebaseStorageCombine-Community */ = {
			isa = XCSwiftPackageProductDependency;
			package = 1A4676402B150E1C0007F3E6 /* XCRemoteSwiftPackageReference "firebase-ios-sdk" */;
			productName = "FirebaseStorageCombine-Community";
		};
		1A986FD52B227AED001D9CD0 /* RichTextKit */ = {
			isa = XCSwiftPackageProductDependency;
			package = 1A986FD42B227AED001D9CD0 /* XCRemoteSwiftPackageReference "RichTextKit" */;
			productName = RichTextKit;
		};
/* End XCSwiftPackageProductDependency section */
	};
	rootObject = 1ACA215F2AEDAFC000CCEF66 /* Project object */;
}
